PODS:
  - Adyen (5.21.0):
    - Adyen/Actions (= 5.21.0)
    - Adyen/Card (= 5.21.0)
    - Adyen/Components (= 5.21.0)
    - Adyen/Core (= 5.21.0)
    - Adyen/DropIn (= 5.21.0)
    - Adyen/Encryption (= 5.21.0)
    - Adyen/Session (= 5.21.0)
  - Adyen/Actions (5.21.0):
    - Adyen/Core
    - Adyen3DS2 (= 2.4.3)
  - Adyen/Card (5.21.0):
    - Adyen/Core
    - Adyen/Encryption
  - Adyen/Components (5.21.0):
    - Adyen/Core
    - Adyen/Encryption
  - Adyen/Core (5.21.0):
    - AdyenNetworking (= 3.0.1)
  - Adyen/DropIn (5.21.0):
    - Adyen/Actions
    - Adyen/Card
    - Adyen/Components
    - Adyen/Core
    - Adyen/Encryption
  - Adyen/Encryption (5.21.0)
  - Adyen/Session (5.21.0):
    - Adyen/Actions
    - Adyen/Core
  - Adyen3DS2 (2.4.3)
  - adyen_checkout (0.0.1):
    - Adyen (= 5.21.0)
    - Flutter
  - AdyenNetworking (3.0.1)
  - Braintree/ApplePay (5.6.3):
    - Braintree/Core
  - Braintree/Card (5.6.3):
    - Braintree/Core
  - Braintree/Core (5.6.3)
  - Braintree/PaymentFlow (5.6.3):
    - Braintree/Core
    - Braintree/PayPalDataCollector
  - Braintree/PayPal (5.6.3):
    - Braintree/Core
    - Braintree/PayPalDataCollector
  - Braintree/PayPalDataCollector (5.6.3)
  - Braintree/ThreeDSecure (5.6.3):
    - Braintree/Card
    - Braintree/PaymentFlow
  - Braintree/UnionPay (5.6.3):
    - Braintree/Card
  - Braintree/Venmo (5.6.3):
    - Braintree/Core
  - BraintreeDropIn (9.4.0):
    - Braintree/ApplePay (~> 5.6.1)
    - Braintree/Card (~> 5.6.1)
    - Braintree/Core (~> 5.6.1)
    - Braintree/PayPal (~> 5.6.1)
    - Braintree/ThreeDSecure (~> 5.6.1)
    - Braintree/UnionPay (~> 5.6.1)
    - Braintree/Venmo (~> 5.6.1)
  - Flutter (1.0.0)
  - flutter_braintree (1.0.0):
    - Braintree/ApplePay (~> 5.6.3)
    - Braintree/PayPal (~> 5.6.3)
    - BraintreeDropIn (= 9.4.0)
    - Flutter
  - lpe (0.0.4):
    - Flutter
  - "lpe_with_source (0.0.2+1)":
    - Flutter
  - pay_ios (0.0.1):
    - Flutter
  - Stripe (24.23.3):
    - StripeApplePay (= 24.23.3)
    - StripeCore (= 24.23.3)
    - StripePayments (= 24.23.3)
    - StripePaymentsUI (= 24.23.3)
    - StripeUICore (= 24.23.3)
  - stripe_ios (0.0.1):
    - Flutter
    - Stripe (~> 24.23.0)
    - stripe_ios/stripe_ios (= 0.0.1)
    - stripe_ios/stripe_objc (= 0.0.1)
    - StripeApplePay (~> 24.23.0)
    - StripeFinancialConnections (~> 24.23.0)
    - StripePayments (~> 24.23.0)
    - StripePaymentSheet (~> 24.23.0)
    - StripePaymentsUI (~> 24.23.0)
  - stripe_ios/stripe_ios (0.0.1):
    - Flutter
    - Stripe (~> 24.23.0)
    - stripe_ios/stripe_objc
    - StripeApplePay (~> 24.23.0)
    - StripeFinancialConnections (~> 24.23.0)
    - StripePayments (~> 24.23.0)
    - StripePaymentSheet (~> 24.23.0)
    - StripePaymentsUI (~> 24.23.0)
  - stripe_ios/stripe_objc (0.0.1):
    - Flutter
    - Stripe (~> 24.23.0)
    - StripeApplePay (~> 24.23.0)
    - StripeFinancialConnections (~> 24.23.0)
    - StripePayments (~> 24.23.0)
    - StripePaymentSheet (~> 24.23.0)
    - StripePaymentsUI (~> 24.23.0)
  - StripeApplePay (24.23.3):
    - StripeCore (= 24.23.3)
  - StripeCore (24.23.3)
  - StripeFinancialConnections (24.23.3):
    - StripeCore (= 24.23.3)
    - StripeUICore (= 24.23.3)
  - StripePayments (24.23.3):
    - StripeCore (= 24.23.3)
    - StripePayments/Stripe3DS2 (= 24.23.3)
  - StripePayments/Stripe3DS2 (24.23.3):
    - StripeCore (= 24.23.3)
  - StripePaymentSheet (24.23.3):
    - StripeApplePay (= 24.23.3)
    - StripeCore (= 24.23.3)
    - StripePayments (= 24.23.3)
    - StripePaymentsUI (= 24.23.3)
  - StripePaymentsUI (24.23.3):
    - StripeCore (= 24.23.3)
    - StripePayments (= 24.23.3)
    - StripeUICore (= 24.23.3)
  - StripeUICore (24.23.3):
    - StripeCore (= 24.23.3)
  - webview_flutter_wkwebview (0.0.1):
    - Flutter
    - FlutterMacOS

DEPENDENCIES:
  - adyen_checkout (from `.symlinks/plugins/adyen_checkout/ios`)
  - Flutter (from `Flutter`)
  - flutter_braintree (from `.symlinks/plugins/flutter_braintree/ios`)
  - lpe (from `.symlinks/plugins/lpe/ios`)
  - lpe_with_source (from `.symlinks/plugins/lpe_with_source/ios`)
  - pay_ios (from `.symlinks/plugins/pay_ios/ios`)
  - stripe_ios (from `.symlinks/plugins/stripe_ios/ios`)
  - webview_flutter_wkwebview (from `.symlinks/plugins/webview_flutter_wkwebview/darwin`)

SPEC REPOS:
  trunk:
    - Adyen
    - Adyen3DS2
    - AdyenNetworking
    - Braintree
    - BraintreeDropIn
    - Stripe
    - StripeApplePay
    - StripeCore
    - StripeFinancialConnections
    - StripePayments
    - StripePaymentSheet
    - StripePaymentsUI
    - StripeUICore

EXTERNAL SOURCES:
  adyen_checkout:
    :path: ".symlinks/plugins/adyen_checkout/ios"
  Flutter:
    :path: Flutter
  flutter_braintree:
    :path: ".symlinks/plugins/flutter_braintree/ios"
  lpe:
    :path: ".symlinks/plugins/lpe/ios"
  lpe_with_source:
    :path: ".symlinks/plugins/lpe_with_source/ios"
  pay_ios:
    :path: ".symlinks/plugins/pay_ios/ios"
  stripe_ios:
    :path: ".symlinks/plugins/stripe_ios/ios"
  webview_flutter_wkwebview:
    :path: ".symlinks/plugins/webview_flutter_wkwebview/darwin"

SPEC CHECKSUMS:
  Adyen: 67026168abcb83767c0cdf69f49b65f4101f2a7a
  Adyen3DS2: 1973825d24193688a6c85246d8be333d9cb8bc72
  adyen_checkout: e75e9f749534d51f8a556af2dd21ace9210ce54a
  AdyenNetworking: eb6196954566a5b3e0c3c56fa12d8d69948603dc
  Braintree: cef7388a3647515f1e0861e52200c2f3dad0f98f
  BraintreeDropIn: 89df35f840004affa22ebb8f06b12d20615411bf
  Flutter: cabc95a1d2626b1b06e7179b784ebcf0c0cde467
  flutter_braintree: 72276002464c36b1d5a6266fbdb94c0b600e62fd
  lpe: 535c621a8bcd320b81f7840dfae10ba035349dfb
  lpe_with_source: 5925e177273c37a83b802fb70f6f902960458963
  pay_ios: 8c7beb9c61d885f3f51b61f75f8793023fc8843a
  Stripe: a4b6584549bac3698733ed564e55b0b067cfda8a
  stripe_ios: 333911eec3379d06d757c16807628ef637916e8c
  StripeApplePay: c8b005f1b5a242c455f76b42eda08660e9e33102
  StripeCore: 9a87da02c7fefc9b965218210a0902acd71157ab
  StripeFinancialConnections: 331ece5b6446dbf6eac62b94f8e365d0af9e000a
  StripePayments: 95ca9bc60eca45f02cd35b125a67a969c9d62ce7
  StripePaymentSheet: 7bc20a0ab10d91acc06dc449ab61bb2cf221b0f4
  StripePaymentsUI: 1590647b3f635a58fb0e7058d86d3e9ff89250d4
  StripeUICore: a63d95d604e70a5895f9d6b09c49a46757e86353
  webview_flutter_wkwebview: 29eb20d43355b48fe7d07113835b9128f84e3af4

PODFILE CHECKSUM: 4b6e7069684ad3609bf69b9bb1cbbdf2c0d63441

COCOAPODS: 1.16.2
