PODS:
  - Flutter (1.0.0)
  - flutter_inappwebview_ios (0.0.1):
    - Flutter
    - flutter_inappwebview_ios/Core (= 0.0.1)
    - OrderedSet (~> 6.0.3)
  - flutter_inappwebview_ios/Core (0.0.1):
    - Flutter
    - OrderedSet (~> 6.0.3)
  - lpe (0.0.4):
    - Flutter
  - "lpe_with_source (0.0.2+1)":
    - Flutter
  - OrderedSet (6.0.3)
  - Stripe (24.23.3):
    - StripeApplePay (= 24.23.3)
    - StripeCore (= 24.23.3)
    - StripePayments (= 24.23.3)
    - StripePaymentsUI (= 24.23.3)
    - StripeUICore (= 24.23.3)
  - stripe_ios (0.0.1):
    - Flutter
    - Stripe (~> 24.23.0)
    - stripe_ios/stripe_ios (= 0.0.1)
    - stripe_ios/stripe_objc (= 0.0.1)
    - StripeApplePay (~> 24.23.0)
    - StripeFinancialConnections (~> 24.23.0)
    - StripePayments (~> 24.23.0)
    - StripePaymentSheet (~> 24.23.0)
    - StripePaymentsUI (~> 24.23.0)
  - stripe_ios/stripe_ios (0.0.1):
    - Flutter
    - Stripe (~> 24.23.0)
    - stripe_ios/stripe_objc
    - StripeApplePay (~> 24.23.0)
    - StripeFinancialConnections (~> 24.23.0)
    - StripePayments (~> 24.23.0)
    - StripePaymentSheet (~> 24.23.0)
    - StripePaymentsUI (~> 24.23.0)
  - stripe_ios/stripe_objc (0.0.1):
    - Flutter
    - Stripe (~> 24.23.0)
    - StripeApplePay (~> 24.23.0)
    - StripeFinancialConnections (~> 24.23.0)
    - StripePayments (~> 24.23.0)
    - StripePaymentSheet (~> 24.23.0)
    - StripePaymentsUI (~> 24.23.0)
  - StripeApplePay (24.23.3):
    - StripeCore (= 24.23.3)
  - StripeCore (24.23.3)
  - StripeFinancialConnections (24.23.3):
    - StripeCore (= 24.23.3)
    - StripeUICore (= 24.23.3)
  - StripePayments (24.23.3):
    - StripeCore (= 24.23.3)
    - StripePayments/Stripe3DS2 (= 24.23.3)
  - StripePayments/Stripe3DS2 (24.23.3):
    - StripeCore (= 24.23.3)
  - StripePaymentSheet (24.23.3):
    - StripeApplePay (= 24.23.3)
    - StripeCore (= 24.23.3)
    - StripePayments (= 24.23.3)
    - StripePaymentsUI (= 24.23.3)
  - StripePaymentsUI (24.23.3):
    - StripeCore (= 24.23.3)
    - StripePayments (= 24.23.3)
    - StripeUICore (= 24.23.3)
  - StripeUICore (24.23.3):
    - StripeCore (= 24.23.3)
  - webview_flutter_wkwebview (0.0.1):
    - Flutter
    - FlutterMacOS

DEPENDENCIES:
  - Flutter (from `Flutter`)
  - flutter_inappwebview_ios (from `.symlinks/plugins/flutter_inappwebview_ios/ios`)
  - lpe (from `.symlinks/plugins/lpe/ios`)
  - lpe_with_source (from `.symlinks/plugins/lpe_with_source/ios`)
  - stripe_ios (from `.symlinks/plugins/stripe_ios/ios`)
  - webview_flutter_wkwebview (from `.symlinks/plugins/webview_flutter_wkwebview/darwin`)

SPEC REPOS:
  trunk:
    - OrderedSet
    - Stripe
    - StripeApplePay
    - StripeCore
    - StripeFinancialConnections
    - StripePayments
    - StripePaymentSheet
    - StripePaymentsUI
    - StripeUICore

EXTERNAL SOURCES:
  Flutter:
    :path: Flutter
  flutter_inappwebview_ios:
    :path: ".symlinks/plugins/flutter_inappwebview_ios/ios"
  lpe:
    :path: ".symlinks/plugins/lpe/ios"
  lpe_with_source:
    :path: ".symlinks/plugins/lpe_with_source/ios"
  stripe_ios:
    :path: ".symlinks/plugins/stripe_ios/ios"
  webview_flutter_wkwebview:
    :path: ".symlinks/plugins/webview_flutter_wkwebview/darwin"

SPEC CHECKSUMS:
  Flutter: cabc95a1d2626b1b06e7179b784ebcf0c0cde467
  flutter_inappwebview_ios: 6f63631e2c62a7c350263b13fa5427aedefe81d4
  lpe: 535c621a8bcd320b81f7840dfae10ba035349dfb
  lpe_with_source: 5925e177273c37a83b802fb70f6f902960458963
  OrderedSet: e539b66b644ff081c73a262d24ad552a69be3a94
  Stripe: a4b6584549bac3698733ed564e55b0b067cfda8a
  stripe_ios: 333911eec3379d06d757c16807628ef637916e8c
  StripeApplePay: c8b005f1b5a242c455f76b42eda08660e9e33102
  StripeCore: 9a87da02c7fefc9b965218210a0902acd71157ab
  StripeFinancialConnections: 331ece5b6446dbf6eac62b94f8e365d0af9e000a
  StripePayments: 95ca9bc60eca45f02cd35b125a67a969c9d62ce7
  StripePaymentSheet: 7bc20a0ab10d91acc06dc449ab61bb2cf221b0f4
  StripePaymentsUI: 1590647b3f635a58fb0e7058d86d3e9ff89250d4
  StripeUICore: a63d95d604e70a5895f9d6b09c49a46757e86353
  webview_flutter_wkwebview: 29eb20d43355b48fe7d07113835b9128f84e3af4

PODFILE CHECKSUM: 4b6e7069684ad3609bf69b9bb1cbbdf2c0d63441

COCOAPODS: 1.16.2
